
Microsoft Visual Studio Solution File, Format Version 12.00
# Visual Studio Version 17
VisualStudioVersion = 17.6.33815.320
MinimumVisualStudioVersion = 10.0.40219.1
Project("{9A19103F-16F7-4668-BE54-9A1E7A4F7556}") = "ComunidadeLivrosAPI", "ComunidadeLivrosAPI\ComunidadeLivrosAPI.csproj", "{8ACF21DF-1EC6-4D39-9A17-D2768A8C07FE}"
EndProject
Project("{FAE04EC0-301F-11D3-BF4B-00C04F79EFBC}") = "ComunidadeLivros.Application", "ComunidadeLivros.Application\ComunidadeLivros.Application.csproj", "{315B28AE-2290-46D7-B7E7-C5AB8304E27A}"
EndProject
Project("{FAE04EC0-301F-11D3-BF4B-00C04F79EFBC}") = "ComunidadeLivros.Core", "ComunidadeLivros.Core\ComunidadeLivros.Core.csproj", "{9C0B9A61-7DA4-4D97-83D3-74B6CEA00E84}"
EndProject
Project("{FAE04EC0-301F-11D3-BF4B-00C04F79EFBC}") = "ComunidadeLivros.DataAccess", "ComunidadeLivros.DataAccess\ComunidadeLivros.DataAccess.csproj", "{16DCBF00-71EB-43DF-BF51-167F131A734F}"
EndProject
Global
	GlobalSection(SolutionConfigurationPlatforms) = preSolution
		Debug|Any CPU = Debug|Any CPU
		Release|Any CPU = Release|Any CPU
	EndGlobalSection
	GlobalSection(ProjectConfigurationPlatforms) = postSolution
		{8ACF21DF-1EC6-4D39-9A17-D2768A8C07FE}.Debug|Any CPU.ActiveCfg = Debug|Any CPU
		{8ACF21DF-1EC6-4D39-9A17-D2768A8C07FE}.Debug|Any CPU.Build.0 = Debug|Any CPU
		{8ACF21DF-1EC6-4D39-9A17-D2768A8C07FE}.Release|Any CPU.ActiveCfg = Release|Any CPU
		{8ACF21DF-1EC6-4D39-9A17-D2768A8C07FE}.Release|Any CPU.Build.0 = Release|Any CPU
		{315B28AE-2290-46D7-B7E7-C5AB8304E27A}.Debug|Any CPU.ActiveCfg = Debug|Any CPU
		{315B28AE-2290-46D7-B7E7-C5AB8304E27A}.Debug|Any CPU.Build.0 = Debug|Any CPU
		{315B28AE-2290-46D7-B7E7-C5AB8304E27A}.Release|Any CPU.ActiveCfg = Release|Any CPU
		{315B28AE-2290-46D7-B7E7-C5AB8304E27A}.Release|Any CPU.Build.0 = Release|Any CPU
		{9C0B9A61-7DA4-4D97-83D3-74B6CEA00E84}.Debug|Any CPU.ActiveCfg = Debug|Any CPU
		{9C0B9A61-7DA4-4D97-83D3-74B6CEA00E84}.Debug|Any CPU.Build.0 = Debug|Any CPU
		{9C0B9A61-7DA4-4D97-83D3-74B6CEA00E84}.Release|Any CPU.ActiveCfg = Release|Any CPU
		{9C0B9A61-7DA4-4D97-83D3-74B6CEA00E84}.Release|Any CPU.Build.0 = Release|Any CPU
		{16DCBF00-71EB-43DF-BF51-167F131A734F}.Debug|Any CPU.ActiveCfg = Debug|Any CPU
		{16DCBF00-71EB-43DF-BF51-167F131A734F}.Debug|Any CPU.Build.0 = Debug|Any CPU
		{16DCBF00-71EB-43DF-BF51-167F131A734F}.Release|Any CPU.ActiveCfg = Release|Any CPU
		{16DCBF00-71EB-43DF-BF51-167F131A734F}.Release|Any CPU.Build.0 = Release|Any CPU
	EndGlobalSection
	GlobalSection(SolutionProperties) = preSolution
		HideSolutionNode = FALSE
	EndGlobalSection
	GlobalSection(ExtensibilityGlobals) = postSolution
		SolutionGuid = {F96AFFA6-7056-4539-8F9D-9F11C9F6A0EC}
	EndGlobalSection
EndGlobal
